
Microsoft Visual Studio Solution File, Format Version 12.00
# Visual Studio Version 16
VisualStudioVersion = 16.0.30503.244
MinimumVisualStudioVersion = 10.0.40219.1
Project("{FAE04EC0-301F-11D3-BF4B-00C04F79EFBC}") = "MilkTeaHouseProject", "MilkTeaHouseProject\MilkTeaHouseProject.csproj", "{4F7EDEAD-5126-4568-9A8E-FFE0EC14C146}"
EndProject
Project("{54435603-DBB4-11D2-8724-00A0C9A8B90C}") = "AppIstaller", "AppIstaller\AppIstaller.vdproj", "{8D1032F2-37A8-4320-8FBB-F183876949B5}"
EndProject
Global
	GlobalSection(SolutionConfigurationPlatforms) = preSolution
		Debug|Any CPU = Debug|Any CPU
		Release|Any CPU = Release|Any CPU
	EndGlobalSection
	GlobalSection(ProjectConfigurationPlatforms) = postSolution
		{4F7EDEAD-5126-4568-9A8E-FFE0EC14C146}.Debug|Any CPU.ActiveCfg = Debug|Any CPU
		{4F7EDEAD-5126-4568-9A8E-FFE0EC14C146}.Debug|Any CPU.Build.0 = Debug|Any CPU
		{4F7EDEAD-5126-4568-9A8E-FFE0EC14C146}.Release|Any CPU.ActiveCfg = Release|Any CPU
		{4F7EDEAD-5126-4568-9A8E-FFE0EC14C146}.Release|Any CPU.Build.0 = Release|Any CPU
		{8D1032F2-37A8-4320-8FBB-F183876949B5}.Debug|Any CPU.ActiveCfg = Debug
		{8D1032F2-37A8-4320-8FBB-F183876949B5}.Release|Any CPU.ActiveCfg = Release
	EndGlobalSection
	GlobalSection(SolutionProperties) = preSolution
		HideSolutionNode = FALSE
	EndGlobalSection
	GlobalSection(ExtensibilityGlobals) = postSolution
		SolutionGuid = {FCFDC49C-3676-45C8-AE7D-15ED93F8AD35}
	EndGlobalSection
EndGlobal
